{
    "_meta": {
        "hash": {
            "sha256": "8765712d6a39ec5a752e6d29b99b8fa0885d453bd29530f5ba13e27b877e7138"
        },
        "host-environment-markers": {
            "implementation_name": "cpython",
            "implementation_version": "3.6.4",
            "os_name": "nt",
            "platform_machine": "AMD64",
            "platform_python_implementation": "CPython",
            "platform_release": "10",
            "platform_system": "Windows",
            "platform_version": "10.0.17134",
            "python_full_version": "3.6.4",
            "python_version": "3.6",
            "sys_platform": "win32"
        },
        "pipfile-spec": 6,
        "requires": {},
        "sources": [
            {
                "name": "pypi",
                "url": "https://pypi.python.org/simple",
                "verify_ssl": true
            }
        ]
    },
    "default": {
        "backcall": {
            "hashes": [
                "sha256:38ecd85be2c1e78f77fd91700c76e14667dc21e2713b63876c0eb901196e01e4",
                "sha256:bbbf4b1e5cd2bdb08f915895b51081c041bac22394fdfcfdfbe9f14b77c08bf2"
            ],
            "version": "==0.1.0"
        },
        "colorama": {
            "hashes": [
                "sha256:463f8483208e921368c9f306094eb6f725c6ca42b0f97e313cb5d5512459feda",
                "sha256:48eb22f4f8461b1df5734a074b57042430fb06e1d61bd1e11b078c0fe6d7a1f1"
            ],
            "markers": "sys_platform == 'win32'",
            "version": "==0.3.9"
        },
        "cycler": {
            "hashes": [
                "sha256:1d8a5ae1ff6c5cf9b93e8811e581232ad8920aeec647c37316ceac982b08cb2d",
                "sha256:cd7b2d1018258d7247a71425e9f26463dfb444d411c39569972f4ce586b0c9d8"
            ],
            "version": "==0.10.0"
        },
        "cython": {
            "hashes": [
                "sha256:e05d28b5ce1ee5939d83e50344980659688ecaed65c5e10214d817ecf5d1fe6a",
                "sha256:4cfda677227af41e4502e088ee9875e71922238a207d0c40785a0fb09c703c21",
                "sha256:0d2ccb812d73e67557fd16e7aa7bc5bac18933c1dfe306133cd0680ccab89f33",
                "sha256:7656895cdd59d56dd4ed326d1ee9ede727020d4a5d8778a05af2d8e25af4b13d",
                "sha256:6ba89d56c3ee45716378cda4f0490c3abe1edf79dce8b997f31608b14748a52b",
                "sha256:4ec60a4086a175a81b9258f810440a6dd2671aa4b419d8248546d85a7de6a93f",
                "sha256:9a465e7296a4629139be5d2015577f2ae5e08196eb7dc4c407beea130f362dc3",
                "sha256:96dd674e72281d3feed74fd5adcf0514ba02884f123cdf4fb78567e7be6b1694",
                "sha256:03db8c1b8120039f72493b95494a595be13b01b6860cfc93e2a651a001847b3b",
                "sha256:c623d19fcc60ea27882f20cf484218926ddf6f978b958dae1070600a1974f809",
                "sha256:9eab3696f2cb88167db109d737c787fb9dd34ca414bd1e0c424e307956e02c94",
                "sha256:67e0359709c8addc3ecb19e1dec6d84d67647e3906da618b953001f6d4480275",
                "sha256:9a60355edca1cc9006be086e2633e190542aad2bf9e46948792a48b3ae28ed97",
                "sha256:6ca5436d470584ba6fd399a802c9d0bcf76cf1edb0123725a4de2f0048f9fa07",
                "sha256:c3ae7d40ebceb0d944dfeeceaf1fbf17e528f5327d97b008a8623ddddd1ecee3",
                "sha256:cf17af0433218a1e33dc6f3069dd9e7cd0c80fe505972c3acd548e25f67973fd",
                "sha256:85f7432776870d65639fed00f951a3c05ef1e534bc72a73cd1200d79b9a7d7d0",
                "sha256:51c7d48ea4cba532d11a6d128ebbc15373013f816e5d1c3a3946650b582a30b8",
                "sha256:97bf06a89bcf9e8d7633cde89274d42b3b661dc974b58fca066fad762e46b4d8",
                "sha256:6a93d4ba0461edc7a359241f4ebbaa8f9bc9490b3540a8dd0460bef8c2c706db",
                "sha256:24f8ea864de733f5a447896cbeec2cac212247e33272539670b9f466f43f23db",
                "sha256:f5f6694ce668eb7a9b59550bfe4265258809c9b0665c206b26d697df2eef2a8b",
                "sha256:db40de7d03842d3c4625028a74189ade52b27f8efaeb0d2ca06474f57e0813b2",
                "sha256:c719a6e86d7c737afcc9729994f76b284d1c512099ee803eff11c2a9e6e33a42",
                "sha256:4984e097bc9da37862d97c1f66dacf2c80fadaea488d96ba0b5ea9d84dbc7521",
                "sha256:37e680901e6a4b97ab67717f9b43fc58542cd10a77431efd2d8801d21d5a37d4",
                "sha256:daf96e0d232605e979995795f62ffd24c5c6ecea4526e4cbb86d80f01da954b2",
                "sha256:30a8fd029eb932a7b5a74e158316d1d069ccb67a8607aa7b6c4ed19fab7fbd4a",
                "sha256:deea1ef59445568dd7738fa3913aea7747e4927ff4ae3c10737844b8a5dd3e22",
                "sha256:634e2f10fc8d026c633cffacb45cd8f4582149fa68e1428124e762dbc566e68a"
            ],
            "version": "==0.28.2"
        },
        "decorator": {
            "hashes": [
                "sha256:2c51dff8ef3c447388fe5e4453d24a2bf128d3a4c32af3fabef1f01c6851ab82",
                "sha256:c39efa13fbdeb4506c476c9b3babf6a718da943dab7811c206005a4a956c080c"
            ],
            "version": "==4.3.0"
        },
        "ipython": {
            "hashes": [
                "sha256:a0c96853549b246991046f32d19db7140f5b1a644cc31f0dc1edc86713b7676f",
                "sha256:eca537aa61592aca2fef4adea12af8e42f5c335004dfa80c78caf80e8b525e5c"
            ],
            "version": "==6.4.0"
        },
        "ipython-genutils": {
            "hashes": [
                "sha256:72dd37233799e619666c9f639a9da83c34013a73e8bbc79a7a6348d93c61fab8",
                "sha256:eb2e116e75ecef9d4d228fdc66af54269afa26ab4463042e33785b887c628ba8"
            ],
            "version": "==0.2.0"
        },
        "jedi": {
            "hashes": [
                "sha256:5861f6dc0c16e024cbb0044999f9cf8013b292c05f287df06d3d991a87a4eb89",
                "sha256:1972f694c6bc66a2fac8718299e2ab73011d653a6d8059790c3476d2353b99ad"
            ],
            "version": "==0.12.0"
        },
        "kiwisolver": {
            "hashes": [
                "sha256:8b6a7b596ce1d2a6d93c3562f1178ebd3b7bb445b3b0dd33b09f9255e312a965",
                "sha256:1a078f5dd7e99317098f0e0d490257fd0349d79363e8c923d5bb76428f318421",
                "sha256:e0f910f84b35c36a3513b96d816e6442ae138862257ae18a0019d2fc67b041dc",
                "sha256:aaec1cfd94f4f3e9a25e144d5b0ed1eb8a9596ec36d7318a504d813412563a85",
                "sha256:f923406e6b32c86309261b8195e24e18b6a8801df0cfc7814ac44017bfcb3939",
                "sha256:4329008a167fac233e398e8a600d1b91539dc33c5a3eadee84c0d4b04d4494fa",
                "sha256:3b791ddf2aefc56382aadc26ea5b352e86a2921e4e85c31c1f770f527eb06ce4",
                "sha256:379d97783ba8d2934d52221c833407f20ca287b36d949b4bba6c75274bcf6363",
                "sha256:1aa0b55a0eb1bd3fa82e704f44fb8f16e26702af1a073cc5030eea399e617b56",
                "sha256:ea36e19ac0a483eea239320aef0bd40702404ff8c7e42179a2d9d36c5afcb55c",
                "sha256:0f7f532f3c94e99545a29f4c3f05637f4d2713e7fd91b4dd8abfc18340b86cd5",
                "sha256:2874060b91e131ceeff00574b7c2140749c9355817a4ed498e82a4ffa308ecbc",
                "sha256:95a25d9f3449046ecbe9065be8f8380c03c56081bc5d41fe0fb964aaa30b2195",
                "sha256:79e5fe3ccd5144ae80777e12973027bd2f4f5e3ae8eb286cabe787bed9780138",
                "sha256:9576cb63897fbfa69df60f994082c3f4b8e6adb49cccb60efb2a80a208e6f996",
                "sha256:0ee4ed8b3ae8f5f712b0aa9ebd2858b5b232f1b9a96b0943dceb34df2a223bc3",
                "sha256:66f82819ff47fa67a11540da96966fb9245504b7f496034f534b81cacf333861",
                "sha256:b1c240d565e977d80c0083404c01e4d59c5772c977fae2c483f100567f50847b",
                "sha256:53a5b27e6b5717bdc0125338a822605084054c80f382051fb945d2c0e6899a20",
                "sha256:acb673eecbae089ea3be3dcf75bfe45fc8d4dcdc951e27d8691887963cf421c7",
                "sha256:b15bc8d2c2848a4a7c04f76c9b3dc3561e95d4dabc6b4f24bfabe5fd81a0b14f",
                "sha256:45813e0873bbb679334a161b28cb9606d9665e70561fd6caa8863e279b5e464b",
                "sha256:ce3be5d520b4d2c3e5eeb4cd2ef62b9b9ab8ac6b6fedbaa0e39cdb6f50644278"
            ],
            "version": "==1.0.1"
        },
        "matplotlib": {
            "hashes": [
                "sha256:3fd90b407d1ab0dae686a4200030ce305526ff20b85a443dc490d194114b2dfa",
                "sha256:7b3d03c876684618e2a2be6abeb8d3a033c3a1bb38a786f751199753ef6227e6",
                "sha256:abfd3d9390eb4f2d82cbcaa3a5c2834c581329b64eccb7a071ed9d5df27424f7",
                "sha256:07055eb872fa109bd88f599bdb52065704b2e22d475b67675f345d75d32038a0",
                "sha256:0f2f253d6d51f5ed52a819921f8a0a8e054ce0daefcfbc2557e1c433f14dc77d",
                "sha256:1ef9fd285334bd6b0495b6de9d56a39dc95081577f27bafabcf28e0d318bed31",
                "sha256:70f0e407fbe9e97f16597223269c849597047421af5eb8b60dbaca0382037e78",
                "sha256:3fb2db66ef98246bafc04b4ef4e9b0e73c6369f38a29716844e939d197df816a",
                "sha256:dc0ba2080fd0cfdd07b3458ee4324d35806733feb2b080838d7094731d3f73d9",
                "sha256:4bb10087e09629ba3f9b25b6c734fd3f99542f93d71c5b9c023f28cb377b43a9",
                "sha256:bc4d7481f0e8ec94cb1afc4a59905d6274b3b4c389aba7a2539e071766671735",
                "sha256:4f6a516d5ef39128bb16af7457e73dde25c30625c4916d8fbd1cc7c14c55e691",
                "sha256:8ff08eaa25c66383fe3b6c7eb288da3c22dcedc4b110a0b592b35f68d0e093b2",
                "sha256:f26fba7fc68994ab2805d77e0695417f9377a00d36ba4248b5d0f1e5adb08d24",
                "sha256:8944d311ce37bee1ba0e41a9b58dcf330ffe0cf29d7654c3d07c572215da68ac",
                "sha256:45dac8589ef1721d7f2ab0f48f986694494dfcc5d13a3e43a5cb6c816276094e",
                "sha256:9d12378d6a236aa38326e27f3a29427b63edce4ce325745785aec1a7535b1f85",
                "sha256:4dc7ef528aad21f22be85e95725234c5178c0f938e2228ca76640e5e84d8cde8"
            ],
            "version": "==2.2.2"
        },
        "mpmath": {
            "hashes": [
                "sha256:04d14803b6875fe6d69e6dccea87d5ae5599802e4b1df7997bddd2024001050c"
            ],
            "version": "==1.0.0"
        },
        "numpy": {
            "hashes": [
                "sha256:a8dbab311d4259de5eeaa5b4e83f5f8545e4808f9144e84c0f424a6ee55a7b98",
                "sha256:034717bfef517858abc79324820a702dc6cd063effb9baab86533e8a78670689",
                "sha256:f39afab5769b3aaa786634b94b4a23ef3c150bdda044e8a32a3fc16ddafe803b",
                "sha256:8670067685051b49d1f2f66e396488064299fefca199c7c80b6ba0c639fedc98",
                "sha256:0db6301324d0568089663ef2701ad90ebac0e975742c97460e89366692bd0563",
                "sha256:98ff275f1b5907490d26b30b6ff111ecf2de0254f0ab08833d8fe61aa2068a00",
                "sha256:aaef1bea636b6e552bbc5dae0ada87d4f6046359daaa97a05a013b0169620f27",
                "sha256:760550fdf9d8ec7da9c4402a4afe6e25c0f184ae132011676298a6b636660b45",
                "sha256:e8578a62a8eaf552b95d62f630bb5dd071243ba1302bbff3e55ac48588508736",
                "sha256:e33baf50f2f6b7153ddb973601a11df852697fba4c08b34a5e0f39f66f8120e1",
                "sha256:0074d42e2cc333800bd09996223d40ec52e3b1ec0a5cab05dacc09b662c4c1ae",
                "sha256:c3fe23df6fe0898e788581753da453f877350058c5982e85a8972feeecb15309",
                "sha256:1864d005b2eb7598063e35c320787d87730d864f40d6410f768fe4ea20672016",
                "sha256:f22b3206f1c561dd9110b93d144c6aaa4a9a354e3b07ad36030df3ea92c5bb5b",
                "sha256:c80fcf9b38c7f4df666150069b04abbd2fe42ae640703a6e1f128cda83b552b7",
                "sha256:510863d606c932b41d2209e4de6157ab3fdf52001d3e4ad351103176d33c4b8b",
                "sha256:c5eb7254cfc4bd7a4330ad7e1f65b98343836865338c57b0e25c661e41d5cfd9",
                "sha256:b8987e30d9a0eb6635df9705a75cf8c4a2835590244baecf210163343bc65176",
                "sha256:57dc6c22d59054542600fce6fae2d1189b9c50bafc1aab32e55f7efcc84a6c46",
                "sha256:46ce8323ca9384814c7645298b8b627b7d04ce97d6948ef02da357b2389d6972",
                "sha256:9ccf4d5c9139b1e985db915039baa0610a7e4a45090580065f8d8cb801b7422f",
                "sha256:560e23a12e7599be8e8b67621396c5bc687fd54b48b890adbc71bc5a67333f86",
                "sha256:9016692c7d390f9d378fc88b7a799dc9caa7eb938163dda5276d3f3d6f75debf"
            ],
            "version": "==1.14.3"
        },
        "parso": {
            "hashes": [
                "sha256:cdef26e8adc10d589f3ec4eb444bd0a29f3f1eb6d72a4292ab8afcb9d68976a6",
                "sha256:f0604a40b96e062b0fd99cf134cc2d5cdf66939d0902f8267d938b0d5b26707f"
            ],
            "version": "==0.2.1"
        },
        "pickleshare": {
            "hashes": [
                "sha256:c9a2541f25aeabc070f12f452e1f2a8eae2abd51e1cd19e8430402bdf4c1d8b5",
                "sha256:84a9257227dfdd6fe1b4be1319096c20eb85ff1e82c7932f36efccfe1b09737b"
            ],
            "version": "==0.7.4"
        },
        "pillow": {
            "hashes": [
                "sha256:f0d4433adce6075efd24fc0285135248b0b50f5a58129c7e552030e04fe45c7f",
                "sha256:81762cf5fca9a82b53b7b2d0e6b420e0f3b06167b97678c81d00470daa622d58",
                "sha256:b48401752496757e95304a46213c3155bc911ac884bed2e9b275ce1c1df3e293",
                "sha256:040144ba422216aecf7577484865ade90e1a475f867301c48bf9fbd7579efd76",
                "sha256:b6cf18f9e653a8077522bb3aa753a776b117e3e0cc872c25811cfdf1459491c2",
                "sha256:4d32c8e3623a61d6e29ccd024066cd1ba556555abfb4cd714155020e00107e3f",
                "sha256:438a3faf5f702c8d0f80b9f9f9b8382cfa048ca6a0d64ef71b86b563b0ee0359",
                "sha256:1cb38df69362af35c14d4a50123b63c7ff18ec9a6d4d5da629a6f19d05e16ba8",
                "sha256:4d8077fd649ac40a5c4165f2c22fa2a4ad18c668e271ecb2f9d849d1017a9313",
                "sha256:bb8adab1877e9213385cbb1adc297ed8337e01872c42a30cfaa66ff8c422779c",
                "sha256:f1f3bd92f8e12dc22884935a73c9f94c4d9bd0d34410c456540713d6b7832b8c",
                "sha256:6eca36905444c4b91fe61f1b9933a47a30480738a1dd26501ff67d94fc2bc112",
                "sha256:f7634d534662bbb08976db801ba27a112aee23e597eeaf09267b4575341e45bf",
                "sha256:eeb247f4f4d962942b3b555530b0c63b77473c7bfe475e51c6b75b7344b49ce3",
                "sha256:ea0091cd4100519cedfeea2c659f52291f535ac6725e2368bcf59e874f270efa",
                "sha256:e87cc1acbebf263f308a8494272c2d42016aa33c32bf14d209c81e1f65e11868",
                "sha256:3b4560c3891b05022c464b09121bd507c477505a4e19d703e1027a3a7c68d896",
                "sha256:7673e7473a13107059377c96c563aa36f73184c29d2926882e0a0210b779a1e7",
                "sha256:fe6931db24716a0845bd8c8915bd096b77c2a7043e6fc59ae9ca364fe816f08b",
                "sha256:f5f302db65e2e0ae96e26670818157640d3ca83a3054c290eff3631598dcf819",
                "sha256:9b66e968da9c4393f5795285528bc862c7b97b91251f31a08004a3c626d18114",
                "sha256:62ec7ae98357fcd46002c110bb7cad15fce532776f0cbe7ca1d44c49b837d49d",
                "sha256:d0dc1313dff48af64517cbbd85e046d6b477fbe5e9d69712801f024dcb08c62b",
                "sha256:00633bc2ec40313f4daf351855e506d296ec3c553f21b66720d0f1225ca84c6f",
                "sha256:16246261ff22368e5e32ad74d5ef40403ab6895171a7fc6d34f6c17cfc0f1943",
                "sha256:e52e8f675ba0b2b417fa98579e7286a41a8e23871f17f4793772f5aa884fea79",
                "sha256:6c7cab6a05351cf61e469937c49dbf3cdf5ffb3eeac71f8d22dc9be3507598d8",
                "sha256:e39142332541ed2884c257495504858b22c078a5d781059b07aba4c3a80d7551",
                "sha256:8554bbeb4218d9cfb1917c69e6f2d2ad0be9b18a775d2162547edf992e1f5f1f",
                "sha256:2400e122f7b21d9801798207e424cbe1f716cee7314cd0c8963fdb6fc564b5fb",
                "sha256:a00edb2dec0035e98ac3ec768086f0b06dfabb4ad308592ede364ef573692f55",
                "sha256:fdd374c02e8bb2d6468a85be50ea66e1c4ef9e809974c30d8576728473a6ed03",
                "sha256:df5863a21f91de5ecdf7d32a32f406dd9867ebb35d41033b8bd9607a21887599",
                "sha256:472a124c640bde4d5468f6991c9fa7e30b723d84ac4195a77c6ab6aea30f2b9c",
                "sha256:cee9bc75bff455d317b6947081df0824a8f118de2786dc3d74a3503fd631f4ef",
                "sha256:2ee6364b270b56a49e8b8a51488e847ab130adc1220c171bed6818c0d4742455",
                "sha256:03514478db61b034fc5d38b9bf060f994e5916776e93f02e59732a8270069c61",
                "sha256:74e2ebfd19c16c28ad43b8a28ff73b904ed382ea4875188838541751986e8c9a",
                "sha256:e6dd55d5d94b9e36929325dd0c9ab85bfde84a5fc35947c334c32af1af668944",
                "sha256:f42a87cbf50e905f49f053c0b1fb86c911c730624022bf44c8857244fc4cdaca",
                "sha256:d5bf527ed83617edd1855a5c923eeeaf68bcb9ac0ceb28e3f19b575b3a424984",
                "sha256:41374a6afb3f44794410dab54a0d7175e6209a5a02d407119c81083f1a4c1841",
                "sha256:c8a4b39ba380b57a31a4b5449a9d257b1302d8bc4799767e645dcee25725efe1"
            ],
            "version": "==5.1.0"
        },
        "prompt-toolkit": {
            "hashes": [
                "sha256:3f473ae040ddaa52b52f97f6b4a493cfa9f5920c255a12dc56a7d34397a398a4",
                "sha256:1df952620eccb399c53ebb359cc7d9a8d3a9538cb34c5a1344bdbeb29fbcc381",
                "sha256:858588f1983ca497f1cf4ffde01d978a3ea02b01c8a26a8bbc5cd2e66d816917"
            ],
            "version": "==1.0.15"
        },
        "pygame": {
            "hashes": [
                "sha256:66746c32d21d8193ab066fdf90da96ed993c4818adb13bf4eaa472f306f7f421",
                "sha256:73c86fdbbfc5ae77d0271fb0964f4a3fc639cc2277ffeb60ee4e981fb0d27640",
                "sha256:97615fb075808b4709f6115e3a11a253bfac78614f430bededbc0ac76a5100af",
                "sha256:5cf670378c8aabdf1bdf283eeec690c93f95dfe8de77c66bc837c91274c8ca49",
                "sha256:22d5195a72b9a300cb7e87d7bde1373930a02b1054e95bc431d26a321ae15d07",
                "sha256:2ee479b0120cc82f04f7c41a09d75fc85c9992ed1a26c9527fb2b7b0637e6739",
                "sha256:e8626d4d4e7617ebf103d96a493b9cbe53f9b39cd46ecbff232e33ba4a082530",
                "sha256:792f8d1a455d5d1de9c8f2cc051c6dac2b90705afc4cf9fe4933aeb296b0ae3f",
                "sha256:4d4985d0e0e5470c5ef872d65a863f1722d85a136327eb3bb5dcafc2853f2e55",
                "sha256:925e6be8e8c3f1cec016f5a68f369491ae34600e04633759e0e07780ce7bd083",
                "sha256:ea7da8dd7fbc12becccf691b4c76fbb381e369e124c30e21f9ed263b6e7e139a",
                "sha256:2a8292d0b5a67e0b96d2cae09bbd8252e99daffe95fd88a00166b92fb6497b40",
                "sha256:96a8f61c729d82576ee3d5cfe3b0b91e7b52a4fbf3d618a3b659347eeb4fd937",
                "sha256:831c906d4a70aa58f9382e79671525805583b58ac8c895b4c4bd066e8858a1a1",
                "sha256:834ee27388563f15e6c736aa4850e4cf95609f67056ee73ff646528bb658e79e",
                "sha256:c49ece0e4ba71be90ed4bf6a905c35e5c1a95c4c0b0b42eaff74ab69c5793847",
                "sha256:4847550da37d3bc702e0201a035de005f184b19e86625a3c70ab1d318317ee91",
                "sha256:643de45518d11cb7784e3fe77aef43fe3cb7e0d6b495ad4361ade931f16c334b",
                "sha256:751021819bdc0cbe5cbd51904abb6ff9e9aee5b0e8955af02284d0e77d6c9ec2"
            ],
            "version": "==1.9.3"
        },
        "pygments": {
            "hashes": [
                "sha256:78f3f434bcc5d6ee09020f92ba487f95ba50f1e3ef83ae96b9d5ffa1bab25c5d",
                "sha256:dbae1046def0efb574852fab9e90209b23f556367b5a320c0bcb871c77c3e8cc"
            ],
            "version": "==2.2.0"
        },
        "pyopengl": {
            "hashes": [
                "sha256:9b47c5c3a094fa518ca88aeed35ae75834d53e4285512c61879f67a48c94ddaf",
                "sha256:5b3a14a4e4c87cf25ca41bc5878583df0e434624b13fcc55d1a672f79ad1b76f",
                "sha256:efa4e39a49b906ccbe66758812ca81ced13a6f26931ab2ba2dba2750c016c0d0"
            ],
            "version": "==3.1.0"
        },
        "pyopengl-accelerate": {
            "hashes": [
                "sha256:927f4670b893d46e2f6273ae938bf0a1db27ffae3336eba94813ccef6260c410",
                "sha256:f5c7f2996b34d04ffb1dbfe7aac1ede314efa5e00e20fb7455184caaba0e8959",
                "sha256:e747e45c30121d275a5029c20b373376edd9be2108c5446611c6e7ae9f1d1536",
                "sha256:2d24cce7e001eb86a42ee18798a09c51b86fc760301670339e08b8e8960f8a41",
                "sha256:0922c043a58f2d124614ee784b50da23b10a0f132fe934ac265b1f1d28afe96b",
                "sha256:303b6ba31b4b61c51f2af5888b85b01de1f43eaad2f6a618481077280732ce88",
                "sha256:8ab54b57e0a02092a71107ce375000fc20922feff0831f09c38126e04fadf2f2",
                "sha256:939d1656e7435a8c08ab03bd5268e3c5debb1ea26d662619cd1f590f542f66e6",
                "sha256:eba0bea62868e6cdbc9ff8a32bba349405b99fa823618624812c387c77a0ddd4",
                "sha256:b0d3b45bca138be911e8e3bf9969078af5f7a217eaa25ad36d1c8bf622740275"
            ],
            "version": "==3.1.0"
        },
        "pyparsing": {
            "hashes": [
                "sha256:fee43f17a9c4087e7ed1605bd6df994c6173c1e977d7ade7b651292fab2bd010",
                "sha256:0832bcf47acd283788593e7a0f542407bd9550a55a8a8435214a1960e04bcb04",
                "sha256:9e8143a3e15c13713506886badd96ca4b579a87fbdf49e550dbfc057d6cb218e",
                "sha256:281683241b25fe9b80ec9d66017485f6deff1af5cde372469134b56ca8447a07",
                "sha256:b8b3117ed9bdf45e14dcc89345ce638ec7e0e29b2b579fa1ecf32ce45ebac8a5",
                "sha256:8f1e18d3fd36c6795bb7e02a39fd05c611ffc2596c1e0d995d34d67630426c18",
                "sha256:e4d45427c6e20a59bf4f88c639dcc03ce30d193112047f94012102f235853a58"
            ],
            "version": "==2.2.0"
        },
        "python-dateutil": {
            "hashes": [
                "sha256:1adb80e7a782c12e52ef9a8182bebeb73f1d7e24e374397af06fb4956c8dc5c0",
                "sha256:e27001de32f627c22380a688bcc43ce83504a7bc5da472209b4c70f02829f0b8"
            ],
            "version": "==2.7.3"
        },
        "pytz": {
            "hashes": [
                "sha256:65ae0c8101309c45772196b21b74c46b2e5d11b6275c45d251b150d5da334555",
                "sha256:c06425302f2cf668f1bba7a0a03f3c1d34d4ebeef2c72003da308b3947c7f749"
            ],
            "version": "==2018.4"
        },
        "simplegeneric": {
            "hashes": [
                "sha256:dc972e06094b9af5b855b3df4a646395e43d1c9d0d39ed345b7393560d0b9173"
            ],
            "version": "==0.8.1"
        },
        "six": {
            "hashes": [
                "sha256:832dc0e10feb1aa2c68dcc57dbb658f1c7e65b9b61af69048abc87a2db00a0eb",
                "sha256:70e8a77beed4562e7f14fe23a786b54f6296e34344c23bc42f07b15018ff98e9"
            ],
            "version": "==1.11.0"
        },
        "sympy": {
            "hashes": [
                "sha256:ac5b57691bc43919dcc21167660a57cc51797c28a4301a6144eff07b751216a4"
            ],
            "version": "==1.1.1"
        },
        "traitlets": {
            "hashes": [
                "sha256:c6cb5e6f57c5a9bdaa40fa71ce7b4af30298fbab9ece9815b5d995ab6217c7d9",
                "sha256:9c4bd2d267b7153df9152698efb1050a5d84982d3384a37b2c1f7723ba3e7835"
            ],
            "version": "==4.3.2"
        },
        "wcwidth": {
            "hashes": [
                "sha256:f4ebe71925af7b40a864553f761ed559b43544f8f71746c2d756c7fe788ade7c",
                "sha256:3df37372226d6e63e1b1e1eda15c594bca98a22d33a23832a90998faa96bc65e"
            ],
            "version": "==0.1.7"
        },
        "yt": {
            "hashes": [
                "sha256:7e311d6f4f513e1c449b36e4b609d79dcd5f107287bcbdd09b0e32e86ef993ce",
                "sha256:4e98f5d8d684934d4160f78a7fd505880775c764efd824e90bdde08f1ef27dc1",
                "sha256:22339b276307187368773399f575b2f5afeb994cbab137a6a0b3a1455b4a66b8",
                "sha256:5ef039bbab2aaacf83e6338d2bb85f448bde3400c8af5d5e455d5dcb3e7e75ac",
                "sha256:ef87c37e4993a12fcbf5f90746e2c1593a3a2ff688c958ba723047526f0426c3",
                "sha256:2a7d3a11ab48a084936d7551de7fb5c09a3c79100b943fcb099a798aecd89351",
                "sha256:765be3e079302889ae8dd687383e2c29e55c849cf30e582dc98759a8d7cc6c1c",
                "sha256:eec4e13d996747c4fa38a837228ee19aaac028f8d6c3df5f76ddfaddb0d9bfa7",
                "sha256:9e740d907b78431e8fca02830599b329031dc9273f611fd07bc2dc7055c5f8d9",
                "sha256:b3ffa14f859243ecf6c79288408b5ef631eee59b8bfc8c1ac011c25ddf203048",
                "sha256:27c52ed9307b21792913571ecd43a9583df16c980ef64f8f012539eeecf9b8a1",
                "sha256:71ebc043ab307d6d78b76dcaff6f784b484eac2418752c1e71bc758f96fdeba8",
                "sha256:12bc00af4245d98bc4a6599c0b19edce502f71352d60779ee4e60dd4938801ca",
                "sha256:c15b2bb88d34b41beec9c8aab036803eb7cd5aefe908e8d3751768b307d3e3af",
                "sha256:04fb67227191dc45462053cf73970a244cc8579e9530aa7329b0182fed27d766",
                "sha256:dda9e83dca9452448c6d20a06004c6c909ecc855e39c57faa8e1ed5b7fb5d5ab",
                "sha256:a4cfc47fe21683e7a3b680c05fe2a25fb774ffda6e3939a35755e5bf64065895"
            ],
            "version": "==3.4.1"
        }
    },
    "develop": {}
}
